
Microsoft Visual Studio Solution File, Format Version 12.00
# Visual Studio Version 16
VisualStudioVersion = 16.0.31515.178
MinimumVisualStudioVersion = 10.0.40219.1
Project("{FAE04EC0-301F-11D3-BF4B-00C04F79EFBC}") = "ParkyAPIs", "ParkyAPIs\ParkyAPIs.csproj", "{E52FE786-870E-4B9E-8229-8D0E5AFFD5CB}"
EndProject
Global
	GlobalSection(SolutionConfigurationPlatforms) = preSolution
		Debug|Any CPU = Debug|Any CPU
		Release|Any CPU = Release|Any CPU
	EndGlobalSection
	GlobalSection(ProjectConfigurationPlatforms) = postSolution
		{E52FE786-870E-4B9E-8229-8D0E5AFFD5CB}.Debug|Any CPU.ActiveCfg = Debug|Any CPU
		{E52FE786-870E-4B9E-8229-8D0E5AFFD5CB}.Debug|Any CPU.Build.0 = Debug|Any CPU
		{E52FE786-870E-4B9E-8229-8D0E5AFFD5CB}.Release|Any CPU.ActiveCfg = Release|Any CPU
		{E52FE786-870E-4B9E-8229-8D0E5AFFD5CB}.Release|Any CPU.Build.0 = Release|Any CPU
	EndGlobalSection
	GlobalSection(SolutionProperties) = preSolution
		HideSolutionNode = FALSE
	EndGlobalSection
	GlobalSection(ExtensibilityGlobals) = postSolution
		SolutionGuid = {9EF0F4C4-40D9-4D7E-B9E0-6B5EB216345D}
	EndGlobalSection
EndGlobal
